
Microsoft Visual Studio Solution File, Format Version 12.00
# Visual Studio Version 17
VisualStudioVersion = 17.6.33829.357
MinimumVisualStudioVersion = 10.0.40219.1
Project("{F2A71F9B-5D33-465A-A702-920D77279786}") = "LIN.PDF", "LIN.PDF\LIN.PDF.fsproj", "{4016F73F-C260-4863-8FB5-E242A203AE0C}"
EndProject
Global
	GlobalSection(SolutionConfigurationPlatforms) = preSolution
		Debug|Any CPU = Debug|Any CPU
		Release|Any CPU = Release|Any CPU
	EndGlobalSection
	GlobalSection(ProjectConfigurationPlatforms) = postSolution
		{4016F73F-C260-4863-8FB5-E242A203AE0C}.Debug|Any CPU.ActiveCfg = Debug|Any CPU
		{4016F73F-C260-4863-8FB5-E242A203AE0C}.Debug|Any CPU.Build.0 = Debug|Any CPU
		{4016F73F-C260-4863-8FB5-E242A203AE0C}.Release|Any CPU.ActiveCfg = Release|Any CPU
		{4016F73F-C260-4863-8FB5-E242A203AE0C}.Release|Any CPU.Build.0 = Release|Any CPU
	EndGlobalSection
	GlobalSection(SolutionProperties) = preSolution
		HideSolutionNode = FALSE
	EndGlobalSection
	GlobalSection(ExtensibilityGlobals) = postSolution
		SolutionGuid = {28B4B8F4-BDB0-4407-AE30-7B88938244AE}
	EndGlobalSection
EndGlobal
